// !$*UTF8*$!
{
	archiveVersion = 1;
	classes = {
	};
	objectVersion = 50;
	objects = {

/* Begin PBXBuildFile section */
		A845A9CF2662DB3300A57D7A /* UIView+Constrain.m in Sources */ = {isa = PBXBuildFile; fileRef = A845A9CE2662DB3300A57D7A /* UIView+Constrain.m */; };
		A845A9D22662F35E00A57D7A /* NSAttributedString+AddAttributes.m in Sources */ = {isa = PBXBuildFile; fileRef = A845A9D12662F35E00A57D7A /* NSAttributedString+AddAttributes.m */; };
		A845A9D526637F5700A57D7A /* Instructions.rtf in Resources */ = {isa = PBXBuildFile; fileRef = A845A9D426637F5700A57D7A /* Instructions.rtf */; };
		A845A9DA266385E700A57D7A /* NSString+Extension.m in Sources */ = {isa = PBXBuildFile; fileRef = A845A9D9266385E700A57D7A /* NSString+Extension.m */; };
		A845A9DF2667FACB00A57D7A /* CacheHandler.m in Sources */ = {isa = PBXBuildFile; fileRef = A845A9DE2667FACB00A57D7A /* CacheHandler.m */; };
		A845A9E826682FF300A57D7A /* ArticleCollectionViewCell.m in Sources */ = {isa = PBXBuildFile; fileRef = A845A9E726682FF300A57D7A /* ArticleCollectionViewCell.m */; };
		A845A9EB266871FE00A57D7A /* CollectionViewFeedPresenter.m in Sources */ = {isa = PBXBuildFile; fileRef = A845A9EA266871FE00A57D7A /* CollectionViewFeedPresenter.m */; };
		A845A9EF26687A2B00A57D7A /* FeedCollectionViewController.m in Sources */ = {isa = PBXBuildFile; fileRef = A845A9EE26687A2B00A57D7A /* FeedCollectionViewController.m */; };
		A8D09DE9266030AB00956B68 /* AppDelegate.m in Sources */ = {isa = PBXBuildFile; fileRef = A8D09DE8266030AB00956B68 /* AppDelegate.m */; };
		A8D09DEC266030AB00956B68 /* SceneDelegate.m in Sources */ = {isa = PBXBuildFile; fileRef = A8D09DEB266030AB00956B68 /* SceneDelegate.m */; };
		A8D09DEF266030AB00956B68 /* FeedViewController.m in Sources */ = {isa = PBXBuildFile; fileRef = A8D09DEE266030AB00956B68 /* FeedViewController.m */; };
		A8D09DF4266030AC00956B68 /* Assets.xcassets in Resources */ = {isa = PBXBuildFile; fileRef = A8D09DF3266030AC00956B68 /* Assets.xcassets */; };
		A8D09DF7266030AC00956B68 /* LaunchScreen.storyboard in Resources */ = {isa = PBXBuildFile; fileRef = A8D09DF5266030AC00956B68 /* LaunchScreen.storyboard */; };
		A8D09DFA266030AC00956B68 /* main.m in Sources */ = {isa = PBXBuildFile; fileRef = A8D09DF9266030AC00956B68 /* main.m */; };
		A8D09E092660317500956B68 /* HTTPHandler.m in Sources */ = {isa = PBXBuildFile; fileRef = A8D09E082660317500956B68 /* HTTPHandler.m */; };
		A8D09E0C266031AD00956B68 /* Article.m in Sources */ = {isa = PBXBuildFile; fileRef = A8D09E0B266031AD00956B68 /* Article.m */; };
		A8D09E0F266031F700956B68 /* Feed.m in Sources */ = {isa = PBXBuildFile; fileRef = A8D09E0E266031F700956B68 /* Feed.m */; };
		A8D09E132660337800956B68 /* ArticleCell.m in Sources */ = {isa = PBXBuildFile; fileRef = A8D09E112660337800956B68 /* ArticleCell.m */; };
		A8D09E18266039FA00956B68 /* FeedPresenter.m in Sources */ = {isa = PBXBuildFile; fileRef = A8D09E17266039FA00956B68 /* FeedPresenter.m */; };
		A8D09E1B2661B0B800956B68 /* UIImageView+Download.m in Sources */ = {isa = PBXBuildFile; fileRef = A8D09E1A2661B0B800956B68 /* UIImageView+Download.m */; };
/* End PBXBuildFile section */

/* Begin PBXFileReference section */
		A845A9CD2662DB3300A57D7A /* UIView+Constrain.h */ = {isa = PBXFileReference; lastKnownFileType = sourcecode.c.h; path = "UIView+Constrain.h"; sourceTree = "<group>"; };
		A845A9CE2662DB3300A57D7A /* UIView+Constrain.m */ = {isa = PBXFileReference; lastKnownFileType = sourcecode.c.objc; path = "UIView+Constrain.m"; sourceTree = "<group>"; };
		A845A9D02662F35E00A57D7A /* NSAttributedString+AddAttributes.h */ = {isa = PBXFileReference; lastKnownFileType = sourcecode.c.h; path = "NSAttributedString+AddAttributes.h"; sourceTree = "<group>"; };
		A845A9D12662F35E00A57D7A /* NSAttributedString+AddAttributes.m */ = {isa = PBXFileReference; lastKnownFileType = sourcecode.c.objc; path = "NSAttributedString+AddAttributes.m"; sourceTree = "<group>"; };
		A845A9D426637F5700A57D7A /* Instructions.rtf */ = {isa = PBXFileReference; fileEncoding = 4; lastKnownFileType = text.rtf; path = Instructions.rtf; sourceTree = SOURCE_ROOT; };
		A845A9D8266385E700A57D7A /* NSString+Extension.h */ = {isa = PBXFileReference; lastKnownFileType = sourcecode.c.h; path = "NSString+Extension.h"; sourceTree = "<group>"; };
		A845A9D9266385E700A57D7A /* NSString+Extension.m */ = {isa = PBXFileReference; lastKnownFileType = sourcecode.c.objc; path = "NSString+Extension.m"; sourceTree = "<group>"; };
		A845A9DB266402A800A57D7A /* LetVar.h */ = {isa = PBXFileReference; lastKnownFileType = sourcecode.c.h; path = LetVar.h; sourceTree = "<group>"; };
		A845A9DC2664030800A57D7A /* GetIntoMyTable-Prefix.pch */ = {isa = PBXFileReference; lastKnownFileType = sourcecode.c.h; path = "GetIntoMyTable-Prefix.pch"; sourceTree = "<group>"; };
		A845A9DD2667FACB00A57D7A /* CacheHandler.h */ = {isa = PBXFileReference; lastKnownFileType = sourcecode.c.h; path = CacheHandler.h; sourceTree = "<group>"; };
		A845A9DE2667FACB00A57D7A /* CacheHandler.m */ = {isa = PBXFileReference; lastKnownFileType = sourcecode.c.objc; path = CacheHandler.m; sourceTree = "<group>"; };
		A845A9E626682FF300A57D7A /* ArticleCollectionViewCell.h */ = {isa = PBXFileReference; lastKnownFileType = sourcecode.c.h; path = ArticleCollectionViewCell.h; sourceTree = "<group>"; };
		A845A9E726682FF300A57D7A /* ArticleCollectionViewCell.m */ = {isa = PBXFileReference; lastKnownFileType = sourcecode.c.objc; path = ArticleCollectionViewCell.m; sourceTree = "<group>"; };
		A845A9E9266871FE00A57D7A /* CollectionViewFeedPresenter.h */ = {isa = PBXFileReference; lastKnownFileType = sourcecode.c.h; path = CollectionViewFeedPresenter.h; sourceTree = "<group>"; };
		A845A9EA266871FE00A57D7A /* CollectionViewFeedPresenter.m */ = {isa = PBXFileReference; lastKnownFileType = sourcecode.c.objc; path = CollectionViewFeedPresenter.m; sourceTree = "<group>"; };
		A845A9EC2668742600A57D7A /* FeedView.h */ = {isa = PBXFileReference; lastKnownFileType = sourcecode.c.h; path = FeedView.h; sourceTree = "<group>"; };
		A845A9ED26687A2B00A57D7A /* FeedCollectionViewController.h */ = {isa = PBXFileReference; lastKnownFileType = sourcecode.c.h; path = FeedCollectionViewController.h; sourceTree = "<group>"; };
		A845A9EE26687A2B00A57D7A /* FeedCollectionViewController.m */ = {isa = PBXFileReference; lastKnownFileType = sourcecode.c.objc; path = FeedCollectionViewController.m; sourceTree = "<group>"; };
		A8D09DE4266030AB00956B68 /* GetIntoMyTable.app */ = {isa = PBXFileReference; explicitFileType = wrapper.application; includeInIndex = 0; path = GetIntoMyTable.app; sourceTree = BUILT_PRODUCTS_DIR; };
		A8D09DE7266030AB00956B68 /* AppDelegate.h */ = {isa = PBXFileReference; lastKnownFileType = sourcecode.c.h; path = AppDelegate.h; sourceTree = "<group>"; };
		A8D09DE8266030AB00956B68 /* AppDelegate.m */ = {isa = PBXFileReference; lastKnownFileType = sourcecode.c.objc; path = AppDelegate.m; sourceTree = "<group>"; };
		A8D09DEA266030AB00956B68 /* SceneDelegate.h */ = {isa = PBXFileReference; lastKnownFileType = sourcecode.c.h; path = SceneDelegate.h; sourceTree = "<group>"; };
		A8D09DEB266030AB00956B68 /* SceneDelegate.m */ = {isa = PBXFileReference; lastKnownFileType = sourcecode.c.objc; path = SceneDelegate.m; sourceTree = "<group>"; };
		A8D09DED266030AB00956B68 /* FeedViewController.h */ = {isa = PBXFileReference; lastKnownFileType = sourcecode.c.h; path = FeedViewController.h; sourceTree = "<group>"; };
		A8D09DEE266030AB00956B68 /* FeedViewController.m */ = {isa = PBXFileReference; lastKnownFileType = sourcecode.c.objc; path = FeedViewController.m; sourceTree = "<group>"; };
		A8D09DF3266030AC00956B68 /* Assets.xcassets */ = {isa = PBXFileReference; lastKnownFileType = folder.assetcatalog; path = Assets.xcassets; sourceTree = "<group>"; };
		A8D09DF6266030AC00956B68 /* Base */ = {isa = PBXFileReference; lastKnownFileType = file.storyboard; name = Base; path = Base.lproj/LaunchScreen.storyboard; sourceTree = "<group>"; };
		A8D09DF8266030AC00956B68 /* Info.plist */ = {isa = PBXFileReference; lastKnownFileType = text.plist.xml; path = Info.plist; sourceTree = "<group>"; };
		A8D09DF9266030AC00956B68 /* main.m */ = {isa = PBXFileReference; lastKnownFileType = sourcecode.c.objc; path = main.m; sourceTree = "<group>"; };
		A8D09E072660317500956B68 /* HTTPHandler.h */ = {isa = PBXFileReference; lastKnownFileType = sourcecode.c.h; path = HTTPHandler.h; sourceTree = "<group>"; };
		A8D09E082660317500956B68 /* HTTPHandler.m */ = {isa = PBXFileReference; lastKnownFileType = sourcecode.c.objc; path = HTTPHandler.m; sourceTree = "<group>"; };
		A8D09E0A266031AD00956B68 /* Article.h */ = {isa = PBXFileReference; lastKnownFileType = sourcecode.c.h; path = Article.h; sourceTree = "<group>"; };
		A8D09E0B266031AD00956B68 /* Article.m */ = {isa = PBXFileReference; lastKnownFileType = sourcecode.c.objc; path = Article.m; sourceTree = "<group>"; };
		A8D09E0D266031F700956B68 /* Feed.h */ = {isa = PBXFileReference; lastKnownFileType = sourcecode.c.h; path = Feed.h; sourceTree = "<group>"; };
		A8D09E0E266031F700956B68 /* Feed.m */ = {isa = PBXFileReference; lastKnownFileType = sourcecode.c.objc; path = Feed.m; sourceTree = "<group>"; };
		A8D09E102660337800956B68 /* ArticleCell.h */ = {isa = PBXFileReference; lastKnownFileType = sourcecode.c.h; path = ArticleCell.h; sourceTree = "<group>"; };
		A8D09E112660337800956B68 /* ArticleCell.m */ = {isa = PBXFileReference; lastKnownFileType = sourcecode.c.objc; path = ArticleCell.m; sourceTree = "<group>"; };
		A8D09E16266039FA00956B68 /* FeedPresenter.h */ = {isa = PBXFileReference; lastKnownFileType = sourcecode.c.h; path = FeedPresenter.h; sourceTree = "<group>"; };
		A8D09E17266039FA00956B68 /* FeedPresenter.m */ = {isa = PBXFileReference; lastKnownFileType = sourcecode.c.objc; path = FeedPresenter.m; sourceTree = "<group>"; };
		A8D09E192661B0B800956B68 /* UIImageView+Download.h */ = {isa = PBXFileReference; lastKnownFileType = sourcecode.c.h; path = "UIImageView+Download.h"; sourceTree = "<group>"; };
		A8D09E1A2661B0B800956B68 /* UIImageView+Download.m */ = {isa = PBXFileReference; lastKnownFileType = sourcecode.c.objc; path = "UIImageView+Download.m"; sourceTree = "<group>"; };
/* End PBXFileReference section */

/* Begin PBXFrameworksBuildPhase section */
		A8D09DE1266030AB00956B68 /* Frameworks */ = {
			isa = PBXFrameworksBuildPhase;
			buildActionMask = 2147483647;
			files = (
			);
			runOnlyForDeploymentPostprocessing = 0;
		};
/* End PBXFrameworksBuildPhase section */

/* Begin PBXGroup section */
		A845A9D326637F4700A57D7A /* Assets */ = {
			isa = PBXGroup;
			children = (
				A845A9D426637F5700A57D7A /* Instructions.rtf */,
			);
			path = Assets;
			sourceTree = "<group>";
		};
		A845A9D62663851B00A57D7A /* Macros */ = {
			isa = PBXGroup;
			children = (
				A845A9DB266402A800A57D7A /* LetVar.h */,
			);
			path = Macros;
			sourceTree = "<group>";
		};
		A8D09DDB266030AB00956B68 = {
			isa = PBXGroup;
			children = (
				A8D09DE6266030AB00956B68 /* GetIntoMyTable */,
				A8D09DE5266030AB00956B68 /* Products */,
			);
			sourceTree = "<group>";
		};
		A8D09DE5266030AB00956B68 /* Products */ = {
			isa = PBXGroup;
			children = (
				A8D09DE4266030AB00956B68 /* GetIntoMyTable.app */,
			);
			name = Products;
			sourceTree = "<group>";
		};
		A8D09DE6266030AB00956B68 /* GetIntoMyTable */ = {
			isa = PBXGroup;
			children = (
				A8D09E022660312700956B68 /* Handlers */,
				A845A9D62663851B00A57D7A /* Macros */,
				A845A9D326637F4700A57D7A /* Assets */,
				A8D09E062660314A00956B68 /* Extensions */,
				A8D09E052660314400956B68 /* Models */,
				A8D09E032660313100956B68 /* Views */,
				A8D09E012660311D00956B68 /* AppDelegate */,
				A8D09E00266030B500956B68 /* ViewControllers */,
				A8D09DF3266030AC00956B68 /* Assets.xcassets */,
				A8D09DF5266030AC00956B68 /* LaunchScreen.storyboard */,
				A8D09DF8266030AC00956B68 /* Info.plist */,
				A845A9DC2664030800A57D7A /* GetIntoMyTable-Prefix.pch */,
				A8D09DF9266030AC00956B68 /* main.m */,
			);
			path = GetIntoMyTable;
			sourceTree = "<group>";
		};
		A8D09E00266030B500956B68 /* ViewControllers */ = {
			isa = PBXGroup;
			children = (
				A8D09E15266039E400956B68 /* Feed */,
			);
			path = ViewControllers;
			sourceTree = "<group>";
		};
		A8D09E012660311D00956B68 /* AppDelegate */ = {
			isa = PBXGroup;
			children = (
				A8D09DE7266030AB00956B68 /* AppDelegate.h */,
				A8D09DE8266030AB00956B68 /* AppDelegate.m */,
				A8D09DEA266030AB00956B68 /* SceneDelegate.h */,
				A8D09DEB266030AB00956B68 /* SceneDelegate.m */,
			);
			path = AppDelegate;
			sourceTree = "<group>";
		};
		A8D09E022660312700956B68 /* Handlers */ = {
			isa = PBXGroup;
			children = (
				A8D09E072660317500956B68 /* HTTPHandler.h */,
				A8D09E082660317500956B68 /* HTTPHandler.m */,
				A845A9DD2667FACB00A57D7A /* CacheHandler.h */,
				A845A9DE2667FACB00A57D7A /* CacheHandler.m */,
			);
			path = Handlers;
			sourceTree = "<group>";
		};
		A8D09E032660313100956B68 /* Views */ = {
			isa = PBXGroup;
			children = (
				A8D09E042660313800956B68 /* Cells */,
			);
			path = Views;
			sourceTree = "<group>";
		};
		A8D09E042660313800956B68 /* Cells */ = {
			isa = PBXGroup;
			children = (
				A8D09E102660337800956B68 /* ArticleCell.h */,
				A8D09E112660337800956B68 /* ArticleCell.m */,
				A845A9E626682FF300A57D7A /* ArticleCollectionViewCell.h */,
				A845A9E726682FF300A57D7A /* ArticleCollectionViewCell.m */,
			);
			path = Cells;
			sourceTree = "<group>";
		};
		A8D09E052660314400956B68 /* Models */ = {
			isa = PBXGroup;
			children = (
				A8D09E0A266031AD00956B68 /* Article.h */,
				A8D09E0B266031AD00956B68 /* Article.m */,
				A8D09E0D266031F700956B68 /* Feed.h */,
				A8D09E0E266031F700956B68 /* Feed.m */,
			);
			path = Models;
			sourceTree = "<group>";
		};
		A8D09E062660314A00956B68 /* Extensions */ = {
			isa = PBXGroup;
			children = (
				A845A9D02662F35E00A57D7A /* NSAttributedString+AddAttributes.h */,
				A845A9D12662F35E00A57D7A /* NSAttributedString+AddAttributes.m */,
				A845A9D8266385E700A57D7A /* NSString+Extension.h */,
				A845A9D9266385E700A57D7A /* NSString+Extension.m */,
				A8D09E192661B0B800956B68 /* UIImageView+Download.h */,
				A8D09E1A2661B0B800956B68 /* UIImageView+Download.m */,
				A845A9CD2662DB3300A57D7A /* UIView+Constrain.h */,
				A845A9CE2662DB3300A57D7A /* UIView+Constrain.m */,
			);
			path = Extensions;
			sourceTree = "<group>";
		};
		A8D09E15266039E400956B68 /* Feed */ = {
			isa = PBXGroup;
			children = (
				A845A9E9266871FE00A57D7A /* CollectionViewFeedPresenter.h */,
				A845A9EA266871FE00A57D7A /* CollectionViewFeedPresenter.m */,
				A845A9ED26687A2B00A57D7A /* FeedCollectionViewController.h */,
				A845A9EE26687A2B00A57D7A /* FeedCollectionViewController.m */,
				A8D09E16266039FA00956B68 /* FeedPresenter.h */,
				A8D09E17266039FA00956B68 /* FeedPresenter.m */,
				A845A9EC2668742600A57D7A /* FeedView.h */,
				A8D09DED266030AB00956B68 /* FeedViewController.h */,
				A8D09DEE266030AB00956B68 /* FeedViewController.m */,
			);
			path = Feed;
			sourceTree = "<group>";
		};
/* End PBXGroup section */

/* Begin PBXNativeTarget section */
		A8D09DE3266030AB00956B68 /* GetIntoMyTable */ = {
			isa = PBXNativeTarget;
			buildConfigurationList = A8D09DFD266030AC00956B68 /* Build configuration list for PBXNativeTarget "GetIntoMyTable" */;
			buildPhases = (
				A8D09DE0266030AB00956B68 /* Sources */,
				A8D09DE1266030AB00956B68 /* Frameworks */,
				A8D09DE2266030AB00956B68 /* Resources */,
			);
			buildRules = (
			);
			dependencies = (
			);
			name = GetIntoMyTable;
			productName = GetIntoMyTable;
			productReference = A8D09DE4266030AB00956B68 /* GetIntoMyTable.app */;
			productType = "com.apple.product-type.application";
		};
/* End PBXNativeTarget section */

/* Begin PBXProject section */
		A8D09DDC266030AB00956B68 /* Project object */ = {
			isa = PBXProject;
			attributes = {
				LastUpgradeCheck = 1250;
				TargetAttributes = {
					A8D09DE3266030AB00956B68 = {
						CreatedOnToolsVersion = 12.5;
					};
				};
			};
			buildConfigurationList = A8D09DDF266030AB00956B68 /* Build configuration list for PBXProject "GetIntoMyTable" */;
			compatibilityVersion = "Xcode 9.3";
			developmentRegion = en;
			hasScannedForEncodings = 0;
			knownRegions = (
				en,
				Base,
			);
			mainGroup = A8D09DDB266030AB00956B68;
			productRefGroup = A8D09DE5266030AB00956B68 /* Products */;
			projectDirPath = "";
			projectRoot = "";
			targets = (
				A8D09DE3266030AB00956B68 /* GetIntoMyTable */,
			);
		};
/* End PBXProject section */

/* Begin PBXResourcesBuildPhase section */
		A8D09DE2266030AB00956B68 /* Resources */ = {
			isa = PBXResourcesBuildPhase;
			buildActionMask = 2147483647;
			files = (
				A8D09DF7266030AC00956B68 /* LaunchScreen.storyboard in Resources */,
				A8D09DF4266030AC00956B68 /* Assets.xcassets in Resources */,
				A845A9D526637F5700A57D7A /* Instructions.rtf in Resources */,
			);
			runOnlyForDeploymentPostprocessing = 0;
		};
/* End PBXResourcesBuildPhase section */

/* Begin PBXSourcesBuildPhase section */
		A8D09DE0266030AB00956B68 /* Sources */ = {
			isa = PBXSourcesBuildPhase;
			buildActionMask = 2147483647;
			files = (
				A845A9D22662F35E00A57D7A /* NSAttributedString+AddAttributes.m in Sources */,
				A845A9E826682FF300A57D7A /* ArticleCollectionViewCell.m in Sources */,
				A845A9CF2662DB3300A57D7A /* UIView+Constrain.m in Sources */,
				A8D09DEF266030AB00956B68 /* FeedViewController.m in Sources */,
				A845A9EF26687A2B00A57D7A /* FeedCollectionViewController.m in Sources */,
				A8D09DE9266030AB00956B68 /* AppDelegate.m in Sources */,
				A8D09E0F266031F700956B68 /* Feed.m in Sources */,
				A8D09E18266039FA00956B68 /* FeedPresenter.m in Sources */,
				A845A9DA266385E700A57D7A /* NSString+Extension.m in Sources */,
				A8D09E0C266031AD00956B68 /* Article.m in Sources */,
				A8D09E132660337800956B68 /* ArticleCell.m in Sources */,
				A8D09DFA266030AC00956B68 /* main.m in Sources */,
				A8D09DEC266030AB00956B68 /* SceneDelegate.m in Sources */,
				A845A9EB266871FE00A57D7A /* CollectionViewFeedPresenter.m in Sources */,
				A845A9DF2667FACB00A57D7A /* CacheHandler.m in Sources */,
				A8D09E1B2661B0B800956B68 /* UIImageView+Download.m in Sources */,
				A8D09E092660317500956B68 /* HTTPHandler.m in Sources */,
			);
			runOnlyForDeploymentPostprocessing = 0;
		};
/* End PBXSourcesBuildPhase section */

/* Begin PBXVariantGroup section */
		A8D09DF5266030AC00956B68 /* LaunchScreen.storyboard */ = {
			isa = PBXVariantGroup;
			children = (
				A8D09DF6266030AC00956B68 /* Base */,
			);
			name = LaunchScreen.storyboard;
			sourceTree = "<group>";
		};
/* End PBXVariantGroup section */

/* Begin XCBuildConfiguration section */
		A8D09DFB266030AC00956B68 /* Debug */ = {
			isa = XCBuildConfiguration;
			buildSettings = {
				ALWAYS_SEARCH_USER_PATHS = NO;
				CLANG_ANALYZER_NONNULL = YES;
				CLANG_ANALYZER_NUMBER_OBJECT_CONVERSION = YES_AGGRESSIVE;
				CLANG_CXX_LANGUAGE_STANDARD = "gnu++14";
				CLANG_CXX_LIBRARY = "libc++";
				CLANG_ENABLE_MODULES = YES;
				CLANG_ENABLE_OBJC_ARC = YES;
				CLANG_ENABLE_OBJC_WEAK = YES;
				CLANG_WARN_BLOCK_CAPTURE_AUTORELEASING = YES;
				CLANG_WARN_BOOL_CONVERSION = YES;
				CLANG_WARN_COMMA = YES;
				CLANG_WARN_CONSTANT_CONVERSION = YES;
				CLANG_WARN_DEPRECATED_OBJC_IMPLEMENTATIONS = YES;
				CLANG_WARN_DIRECT_OBJC_ISA_USAGE = YES_ERROR;
				CLANG_WARN_DOCUMENTATION_COMMENTS = YES;
				CLANG_WARN_EMPTY_BODY = YES;
				CLANG_WARN_ENUM_CONVERSION = YES;
				CLANG_WARN_INFINITE_RECURSION = YES;
				CLANG_WARN_INT_CONVERSION = YES;
				CLANG_WARN_NON_LITERAL_NULL_CONVERSION = YES;
				CLANG_WARN_OBJC_IMPLICIT_RETAIN_SELF = YES;
				CLANG_WARN_OBJC_LITERAL_CONVERSION = YES;
				CLANG_WARN_OBJC_ROOT_CLASS = YES_ERROR;
				CLANG_WARN_QUOTED_INCLUDE_IN_FRAMEWORK_HEADER = YES;
				CLANG_WARN_RANGE_LOOP_ANALYSIS = YES;
				CLANG_WARN_STRICT_PROTOTYPES = YES;
				CLANG_WARN_SUSPICIOUS_MOVE = YES;
				CLANG_WARN_UNGUARDED_AVAILABILITY = YES_AGGRESSIVE;
				CLANG_WARN_UNREACHABLE_CODE = YES;
				CLANG_WARN__DUPLICATE_METHOD_MATCH = YES;
				COPY_PHASE_STRIP = NO;
				DEBUG_INFORMATION_FORMAT = dwarf;
				ENABLE_STRICT_OBJC_MSGSEND = YES;
				ENABLE_TESTABILITY = YES;
				GCC_C_LANGUAGE_STANDARD = gnu11;
				GCC_DYNAMIC_NO_PIC = NO;
				GCC_NO_COMMON_BLOCKS = YES;
				GCC_OPTIMIZATION_LEVEL = 0;
				GCC_PREPROCESSOR_DEFINITIONS = (
					"DEBUG=1",
					"$(inherited)",
				);
				GCC_WARN_64_TO_32_BIT_CONVERSION = YES;
				GCC_WARN_ABOUT_RETURN_TYPE = YES_ERROR;
				GCC_WARN_UNDECLARED_SELECTOR = YES;
				GCC_WARN_UNINITIALIZED_AUTOS = YES_AGGRESSIVE;
				GCC_WARN_UNUSED_FUNCTION = YES;
				GCC_WARN_UNUSED_VARIABLE = YES;
				IPHONEOS_DEPLOYMENT_TARGET = 14.5;
				MTL_ENABLE_DEBUG_INFO = INCLUDE_SOURCE;
				MTL_FAST_MATH = YES;
				ONLY_ACTIVE_ARCH = YES;
				SDKROOT = iphoneos;
			};
			name = Debug;
		};
		A8D09DFC266030AC00956B68 /* Release */ = {
			isa = XCBuildConfiguration;
			buildSettings = {
				ALWAYS_SEARCH_USER_PATHS = NO;
				CLANG_ANALYZER_NONNULL = YES;
				CLANG_ANALYZER_NUMBER_OBJECT_CONVERSION = YES_AGGRESSIVE;
				CLANG_CXX_LANGUAGE_STANDARD = "gnu++14";
				CLANG_CXX_LIBRARY = "libc++";
				CLANG_ENABLE_MODULES = YES;
				CLANG_ENABLE_OBJC_ARC = YES;
				CLANG_ENABLE_OBJC_WEAK = YES;
				CLANG_WARN_BLOCK_CAPTURE_AUTORELEASING = YES;
				CLANG_WARN_BOOL_CONVERSION = YES;
				CLANG_WARN_COMMA = YES;
				CLANG_WARN_CONSTANT_CONVERSION = YES;
				CLANG_WARN_DEPRECATED_OBJC_IMPLEMENTATIONS = YES;
				CLANG_WARN_DIRECT_OBJC_ISA_USAGE = YES_ERROR;
				CLANG_WARN_DOCUMENTATION_COMMENTS = YES;
				CLANG_WARN_EMPTY_BODY = YES;
				CLANG_WARN_ENUM_CONVERSION = YES;
				CLANG_WARN_INFINITE_RECURSION = YES;
				CLANG_WARN_INT_CONVERSION = YES;
				CLANG_WARN_NON_LITERAL_NULL_CONVERSION = YES;
				CLANG_WARN_OBJC_IMPLICIT_RETAIN_SELF = YES;
				CLANG_WARN_OBJC_LITERAL_CONVERSION = YES;
				CLANG_WARN_OBJC_ROOT_CLASS = YES_ERROR;
				CLANG_WARN_QUOTED_INCLUDE_IN_FRAMEWORK_HEADER = YES;
				CLANG_WARN_RANGE_LOOP_ANALYSIS = YES;
				CLANG_WARN_STRICT_PROTOTYPES = YES;
				CLANG_WARN_SUSPICIOUS_MOVE = YES;
				CLANG_WARN_UNGUARDED_AVAILABILITY = YES_AGGRESSIVE;
				CLANG_WARN_UNREACHABLE_CODE = YES;
				CLANG_WARN__DUPLICATE_METHOD_MATCH = YES;
				COPY_PHASE_STRIP = NO;
				DEBUG_INFORMATION_FORMAT = "dwarf-with-dsym";
				ENABLE_NS_ASSERTIONS = NO;
				ENABLE_STRICT_OBJC_MSGSEND = YES;
				GCC_C_LANGUAGE_STANDARD = gnu11;
				GCC_NO_COMMON_BLOCKS = YES;
				GCC_WARN_64_TO_32_BIT_CONVERSION = YES;
				GCC_WARN_ABOUT_RETURN_TYPE = YES_ERROR;
				GCC_WARN_UNDECLARED_SELECTOR = YES;
				GCC_WARN_UNINITIALIZED_AUTOS = YES_AGGRESSIVE;
				GCC_WARN_UNUSED_FUNCTION = YES;
				GCC_WARN_UNUSED_VARIABLE = YES;
				IPHONEOS_DEPLOYMENT_TARGET = 14.5;
				MTL_ENABLE_DEBUG_INFO = NO;
				MTL_FAST_MATH = YES;
				SDKROOT = iphoneos;
				VALIDATE_PRODUCT = YES;
			};
			name = Release;
		};
		A8D09DFE266030AC00956B68 /* Debug */ = {
			isa = XCBuildConfiguration;
			buildSettings = {
				ASSETCATALOG_COMPILER_APPICON_NAME = AppIcon;
				ASSETCATALOG_COMPILER_GLOBAL_ACCENT_COLOR_NAME = AccentColor;
				CODE_SIGN_STYLE = Automatic;
				DEVELOPMENT_TEAM = 5DYJ7634L5;
				GCC_PREFIX_HEADER = "$(SRCROOT)/GetIntoMyTable/GetIntoMyTable-Prefix.pch";
				INFOPLIST_FILE = GetIntoMyTable/Info.plist;
				LD_RUNPATH_SEARCH_PATHS = (
					"$(inherited)",
					"@executable_path/Frameworks",
				);
				PRODUCT_BUNDLE_IDENTIFIER = com.designerjeans.GetIntoMyTable;
				PRODUCT_NAME = "$(TARGET_NAME)";
				TARGETED_DEVICE_FAMILY = "1,2";
			};
			name = Debug;
		};
		A8D09DFF266030AC00956B68 /* Release */ = {
			isa = XCBuildConfiguration;
			buildSettings = {
				ASSETCATALOG_COMPILER_APPICON_NAME = AppIcon;
				ASSETCATALOG_COMPILER_GLOBAL_ACCENT_COLOR_NAME = AccentColor;
				CODE_SIGN_STYLE = Automatic;
				DEVELOPMENT_TEAM = 5DYJ7634L5;
				GCC_PREFIX_HEADER = "$(SRCROOT)/GetIntoMyTable/GetIntoMyTable-Prefix.pch";
				INFOPLIST_FILE = GetIntoMyTable/Info.plist;
				LD_RUNPATH_SEARCH_PATHS = (
					"$(inherited)",
					"@executable_path/Frameworks",
				);
				PRODUCT_BUNDLE_IDENTIFIER = com.designerjeans.GetIntoMyTable;
				PRODUCT_NAME = "$(TARGET_NAME)";
				TARGETED_DEVICE_FAMILY = "1,2";
			};
			name = Release;
		};
/* End XCBuildConfiguration section */

/* Begin XCConfigurationList section */
		A8D09DDF266030AB00956B68 /* Build configuration list for PBXProject "GetIntoMyTable" */ = {
			isa = XCConfigurationList;
			buildConfigurations = (
				A8D09DFB266030AC00956B68 /* Debug */,
				A8D09DFC266030AC00956B68 /* Release */,
			);
			defaultConfigurationIsVisible = 0;
			defaultConfigurationName = Release;
		};
		A8D09DFD266030AC00956B68 /* Build configuration list for PBXNativeTarget "GetIntoMyTable" */ = {
			isa = XCConfigurationList;
			buildConfigurations = (
				A8D09DFE266030AC00956B68 /* Debug */,
				A8D09DFF266030AC00956B68 /* Release */,
			);
			defaultConfigurationIsVisible = 0;
			defaultConfigurationName = Release;
		};
/* End XCConfigurationList section */
	};
	rootObject = A8D09DDC266030AB00956B68 /* Project object */;
}
